Microsoft Visual Studio Solution File, Format Version 12.00
# Visual Studio 2012
Project("{FAE04EC0-301F-11D3-BF4B-00C04F79EFBC}") = "Godot Client", "Godot Client.csproj", "{6EF7F724-5DF7-4BFC-AD23-D371431B9A6A}"
EndProject
Project("{2150E333-8FDC-42A3-9474-1A3956D46DE8}") = "fsharp", "fsharp", "{DDB94D70-F467-4C55-8466-C68985FF96E4}"
EndProject
Project("{F2A71F9B-5D33-465A-A702-920D77279786}") = "card_gamefs", "fsharp\card_gamefs\card_gamefs.fsproj", "{83726FA6-E2C1-4D57-A4D5-7356954838ED}"
EndProject
Global
	GlobalSection(SolutionConfigurationPlatforms) = preSolution
		Debug|Any CPU = Debug|Any CPU
		ExportDebug|Any CPU = ExportDebug|Any CPU
		ExportRelease|Any CPU = ExportRelease|Any CPU
	EndGlobalSection
	GlobalSection(ProjectConfigurationPlatforms) = postSolution
		{6EF7F724-5DF7-4BFC-AD23-D371431B9A6A}.Debug|Any CPU.ActiveCfg = Debug|Any CPU
		{6EF7F724-5DF7-4BFC-AD23-D371431B9A6A}.Debug|Any CPU.Build.0 = Debug|Any CPU
		{6EF7F724-5DF7-4BFC-AD23-D371431B9A6A}.ExportDebug|Any CPU.ActiveCfg = ExportDebug|Any CPU
		{6EF7F724-5DF7-4BFC-AD23-D371431B9A6A}.ExportDebug|Any CPU.Build.0 = ExportDebug|Any CPU
		{6EF7F724-5DF7-4BFC-AD23-D371431B9A6A}.ExportRelease|Any CPU.ActiveCfg = ExportRelease|Any CPU
		{6EF7F724-5DF7-4BFC-AD23-D371431B9A6A}.ExportRelease|Any CPU.Build.0 = ExportRelease|Any CPU
		{83726FA6-E2C1-4D57-A4D5-7356954838ED}.Debug|Any CPU.ActiveCfg = Debug|Any CPU
		{83726FA6-E2C1-4D57-A4D5-7356954838ED}.Debug|Any CPU.Build.0 = Debug|Any CPU
		{83726FA6-E2C1-4D57-A4D5-7356954838ED}.ExportDebug|Any CPU.ActiveCfg = Debug|Any CPU
		{83726FA6-E2C1-4D57-A4D5-7356954838ED}.ExportDebug|Any CPU.Build.0 = Debug|Any CPU
		{83726FA6-E2C1-4D57-A4D5-7356954838ED}.ExportRelease|Any CPU.ActiveCfg = Debug|Any CPU
		{83726FA6-E2C1-4D57-A4D5-7356954838ED}.ExportRelease|Any CPU.Build.0 = Debug|Any CPU
	EndGlobalSection
	GlobalSection(NestedProjects) = preSolution
		{83726FA6-E2C1-4D57-A4D5-7356954838ED} = {DDB94D70-F467-4C55-8466-C68985FF96E4}
	EndGlobalSection
EndGlobal
